{
  "name": "amp-validator-webui",
  "version": "0.1.0",
  "lockfileVersion": 1,
  "requires": true,
  "dependencies": {
    "@polymer/font-roboto": {
      "version": "0.0.3",
      "resolved": "https://registry.npmjs.org/@polymer/font-roboto/-/font-roboto-0.0.3.tgz",
      "integrity": "sha1-nVjttmC77S1L0p07+bIcIL3dYYc="
    },
    "@polymer/iron-a11y-announcer": {
      "version": "0.0.3",
      "resolved": "https://registry.npmjs.org/@polymer/iron-a11y-announcer/-/iron-a11y-announcer-0.0.3.tgz",
      "integrity": "sha1-EmI9tMgJ630ATu5kWO8H57VQDnE=",
      "requires": {
        "@polymer/polymer": "^1.2.5-npm-test.2"
      }
    },
    "@polymer/iron-a11y-keys-behavior": {
      "version": "0.0.3",
      "resolved": "https://registry.npmjs.org/@polymer/iron-a11y-keys-behavior/-/iron-a11y-keys-behavior-0.0.3.tgz",
      "integrity": "sha1-gqnFNdAa6UyzPZwHGppUPrwgRMA=",
      "requires": {
        "@polymer/polymer": "^1.2.5-npm-test.2"
      }
    },
    "@polymer/iron-autogrow-textarea": {
      "version": "0.0.3",
      "resolved": "https://registry.npmjs.org/@polymer/iron-autogrow-textarea/-/iron-autogrow-textarea-0.0.3.tgz",
      "integrity": "sha1-8eoURDCfMWNP5FzPz+N2uD7P0oo=",
      "requires": {
        "@polymer/iron-behaviors": "^0.0.3",
        "@polymer/iron-flex-layout": "^0.0.3",
        "@polymer/iron-form-element-behavior": "^0.0.3",
        "@polymer/iron-validatable-behavior": "^0.0.3",
        "@polymer/polymer": "^1.2.5-npm-test.2"
      }
    },
    "@polymer/iron-behaviors": {
      "version": "0.0.3",
      "resolved": "https://registry.npmjs.org/@polymer/iron-behaviors/-/iron-behaviors-0.0.3.tgz",
      "integrity": "sha1-AnSEiF3bkk+Z+oCD37qBDjnSZxs=",
      "requires": {
        "@polymer/iron-a11y-keys-behavior": "^0.0.3",
        "@polymer/polymer": "^1.2.5-npm-test.2"
      }
    },
    "@polymer/iron-checked-element-behavior": {
      "version": "0.0.3",
      "resolved": "https://registry.npmjs.org/@polymer/iron-checked-element-behavior/-/iron-checked-element-behavior-0.0.3.tgz",
      "integrity": "sha1-Hni2p2dRSVNQ1R2cqq9sD390vXo=",
      "requires": {
        "@polymer/iron-form-element-behavior": "^0.0.3",
        "@polymer/iron-validatable-behavior": "^0.0.3",
        "@polymer/polymer": "^1.2.5-npm-test.2"
      }
    },
    "@polymer/iron-collapse": {
      "version": "0.0.3",
      "resolved": "https://registry.npmjs.org/@polymer/iron-collapse/-/iron-collapse-0.0.3.tgz",
      "integrity": "sha1-fgGkrHnOIB59YrwuNNTDbwiBL8I=",
      "requires": {
        "@polymer/iron-resizable-behavior": "^0.0.3",
        "@polymer/polymer": "^1.2.5-npm-test.2"
      }
    },
    "@polymer/iron-dropdown": {
      "version": "0.0.3",
      "resolved": "https://registry.npmjs.org/@polymer/iron-dropdown/-/iron-dropdown-0.0.3.tgz",
      "integrity": "sha1-reHGe4y5NGW2I18ysXVf7BuBR7I=",
      "requires": {
        "@polymer/iron-a11y-keys-behavior": "^0.0.3",
        "@polymer/iron-behaviors": "^0.0.3",
        "@polymer/iron-overlay-behavior": "^0.0.3",
        "@polymer/iron-resizable-behavior": "^0.0.3",
        "@polymer/neon-animation": "^0.0.3",
        "@polymer/polymer": "^1.2.5-npm-test.2"
      }
    },
    "@polymer/iron-fit-behavior": {
      "version": "0.0.3",
      "resolved": "https://registry.npmjs.org/@polymer/iron-fit-behavior/-/iron-fit-behavior-0.0.3.tgz",
      "integrity": "sha1-LYA5nk+r9LdeCBxfgSJO+b+pjUw=",
      "requires": {
        "@polymer/polymer": "^1.2.5-npm-test.2"
      }
    },
    "@polymer/iron-flex-layout": {
      "version": "0.0.3",
      "resolved": "https://registry.npmjs.org/@polymer/iron-flex-layout/-/iron-flex-layout-0.0.3.tgz",
      "integrity": "sha1-t9enMrHLrf5qqVAMoG9A0CV4uvc=",
      "requires": {
        "@polymer/polymer": "^1.2.5-npm-test.2"
      }
    },
    "@polymer/iron-form-element-behavior": {
      "version": "0.0.3",
      "resolved": "https://registry.npmjs.org/@polymer/iron-form-element-behavior/-/iron-form-element-behavior-0.0.3.tgz",
      "integrity": "sha1-NWSipR2Mz92kGT2UPV/QwSxGN1k=",
      "requires": {
        "@polymer/polymer": "^1.2.5-npm-test.2"
      }
    },
    "@polymer/iron-icon": {
      "version": "0.0.3",
      "resolved": "https://registry.npmjs.org/@polymer/iron-icon/-/iron-icon-0.0.3.tgz",
      "integrity": "sha1-4bFK/tStEQbthn1k7wH+Q/m05ec=",
      "requires": {
        "@polymer/iron-flex-layout": "^0.0.3",
        "@polymer/iron-meta": "^0.0.3",
        "@polymer/polymer": "^1.2.5-npm-test.2"
      }
    },
    "@polymer/iron-icons": {
      "version": "0.0.3",
      "resolved": "https://registry.npmjs.org/@polymer/iron-icons/-/iron-icons-0.0.3.tgz",
      "integrity": "sha1-1nKrl5vc1N7YAn6N4j6MUdDH9MY=",
      "requires": {
        "@polymer/iron-icon": "^0.0.3",
        "@polymer/iron-iconset-svg": "^0.0.3",
        "@polymer/polymer": "^1.2.5-npm-test.2"
      }
    },
    "@polymer/iron-iconset-svg": {
      "version": "0.0.3",
      "resolved": "https://registry.npmjs.org/@polymer/iron-iconset-svg/-/iron-iconset-svg-0.0.3.tgz",
      "integrity": "sha1-zUz/UjP4Bh4+DTSmUYC5qSCFhgo=",
      "requires": {
        "@polymer/iron-meta": "^0.0.3",
        "@polymer/polymer": "^1.2.5-npm-test.2"
      }
    },
    "@polymer/iron-input": {
      "version": "0.0.3",
      "resolved": "https://registry.npmjs.org/@polymer/iron-input/-/iron-input-0.0.3.tgz",
      "integrity": "sha1-5ByFh7JRqlEKJvKMqSOBqxRX33k=",
      "requires": {
        "@polymer/iron-validatable-behavior": "^0.0.3",
        "@polymer/polymer": "^1.2.5-npm-test.2"
      }
    },
    "@polymer/iron-menu-behavior": {
      "version": "0.0.3",
      "resolved": "https://registry.npmjs.org/@polymer/iron-menu-behavior/-/iron-menu-behavior-0.0.3.tgz",
      "integrity": "sha1-1kkaO00clzz/2AmXSdrRcfTXNpA=",
      "requires": {
        "@polymer/iron-a11y-keys-behavior": "^0.0.3",
        "@polymer/iron-selector": "^0.0.3",
        "@polymer/polymer": "^1.2.5-npm-test.2"
      }
    },
    "@polymer/iron-meta": {
      "version": "0.0.3",
      "resolved": "https://registry.npmjs.org/@polymer/iron-meta/-/iron-meta-0.0.3.tgz",
      "integrity": "sha1-pM7IR5va7Gb/A3SaWRNvIf3gHXA=",
      "requires": {
        "@polymer/polymer": "^1.2.5-npm-test.2"
      }
    },
    "@polymer/iron-overlay-behavior": {
      "version": "0.0.3",
      "resolved": "https://registry.npmjs.org/@polymer/iron-overlay-behavior/-/iron-overlay-behavior-0.0.3.tgz",
      "integrity": "sha1-TFy7uRuSQLtvgkBAzpf2F/Xud1Y=",
      "requires": {
        "@polymer/iron-fit-behavior": "^0.0.3",
        "@polymer/iron-resizable-behavior": "^0.0.3",
        "@polymer/polymer": "^1.2.5-npm-test.2"
      }
    },
    "@polymer/iron-resizable-behavior": {
      "version": "0.0.3",
      "resolved": "https://registry.npmjs.org/@polymer/iron-resizable-behavior/-/iron-resizable-behavior-0.0.3.tgz",
      "integrity": "sha1-IFRw+EBwZUkJo2C1M7ZZmy2AY1Q=",
      "requires": {
        "@polymer/polymer": "^1.2.5-npm-test.2"
      }
    },
    "@polymer/iron-selector": {
      "version": "0.0.3",
      "resolved": "https://registry.npmjs.org/@polymer/iron-selector/-/iron-selector-0.0.3.tgz",
      "integrity": "sha1-zeC7e5hF3bP238k62hR0Jszr37k=",
      "requires": {
        "@polymer/polymer": "^1.2.5-npm-test.2"
      }
    },
    "@polymer/iron-validatable-behavior": {
      "version": "0.0.3",
      "resolved": "https://registry.npmjs.org/@polymer/iron-validatable-behavior/-/iron-validatable-behavior-0.0.3.tgz",
      "integrity": "sha1-Q4dHFz0rHTvBoIRYpV7THJtPGS8=",
      "requires": {
        "@polymer/iron-meta": "^0.0.3",
        "@polymer/polymer": "^1.2.5-npm-test.2"
      }
    },
    "@polymer/neon-animation": {
      "version": "0.0.3",
      "resolved": "https://registry.npmjs.org/@polymer/neon-animation/-/neon-animation-0.0.3.tgz",
      "integrity": "sha1-k+nuvN8CPHtC2afX9B+xk0tQCyI=",
      "requires": {
        "@polymer/iron-meta": "^0.0.3",
        "@polymer/iron-resizable-behavior": "^0.0.3",
        "@polymer/iron-selector": "^0.0.3",
        "@polymer/polymer": "^1.2.5-npm-test.2",
        "web-animations-js": "2.1.3"
      },
      "dependencies": {
        "web-animations-js": {
          "version": "2.1.3",
          "resolved": "https://registry.npmjs.org/web-animations-js/-/web-animations-js-2.1.3.tgz",
          "integrity": "sha1-+z/FakCi+4BIZjhvzxpBQmXEi0k="
        }
      }
    },
    "@polymer/paper-behaviors": {
      "version": "0.0.3",
      "resolved": "https://registry.npmjs.org/@polymer/paper-behaviors/-/paper-behaviors-0.0.3.tgz",
      "integrity": "sha1-eaObHcYsBnoXnvpwxPNOH7jemm8=",
      "requires": {
        "@polymer/iron-behaviors": "^0.0.3",
        "@polymer/iron-checked-element-behavior": "^0.0.3",
        "@polymer/paper-ripple": "^0.0.3",
        "@polymer/polymer": "^1.2.5-npm-test.2"
      }
    },
    "@polymer/paper-button": {
      "version": "0.0.3",
      "resolved": "https://registry.npmjs.org/@polymer/paper-button/-/paper-button-0.0.3.tgz",
      "integrity": "sha1-X/aIMLhnMqgQi+Alm0tnPwqMwVY=",
      "requires": {
        "@polymer/iron-flex-layout": "^0.0.3",
        "@polymer/paper-behaviors": "^0.0.3",
        "@polymer/paper-material": "^0.0.3",
        "@polymer/polymer": "^1.2.5-npm-test.2"
      }
    },
    "@polymer/paper-dropdown-menu": {
      "version": "0.0.3",
      "resolved": "https://registry.npmjs.org/@polymer/paper-dropdown-menu/-/paper-dropdown-menu-0.0.3.tgz",
      "integrity": "sha1-UfOgxTgvnujUWRBNvSHqwxaBJEw=",
      "requires": {
        "@polymer/iron-a11y-keys-behavior": "^0.0.3",
        "@polymer/iron-form-element-behavior": "^0.0.3",
        "@polymer/iron-icon": "^0.0.3",
        "@polymer/iron-icons": "^0.0.3",
        "@polymer/iron-validatable-behavior": "^0.0.3",
        "@polymer/paper-input": "^0.0.3",
        "@polymer/paper-menu-button": "^0.0.3",
        "@polymer/paper-ripple": "^0.0.3",
        "@polymer/paper-styles": "^0.0.3",
        "@polymer/polymer": "^1.2.5-npm-test.2"
      }
    },
    "@polymer/paper-input": {
      "version": "0.0.3",
      "resolved": "https://registry.npmjs.org/@polymer/paper-input/-/paper-input-0.0.3.tgz",
      "integrity": "sha1-W7PvqQY9znhYaDnErrLrbPLGGKI=",
      "requires": {
        "@polymer/iron-a11y-keys-behavior": "^0.0.3",
        "@polymer/iron-autogrow-textarea": "^0.0.3",
        "@polymer/iron-behaviors": "^0.0.3",
        "@polymer/iron-form-element-behavior": "^0.0.3",
        "@polymer/iron-input": "^0.0.3",
        "@polymer/paper-styles": "^0.0.3",
        "@polymer/polymer": "^1.2.5-npm-test.2"
      }
    },
    "@polymer/paper-item": {
      "version": "0.0.3",
      "resolved": "https://registry.npmjs.org/@polymer/paper-item/-/paper-item-0.0.3.tgz",
      "integrity": "sha1-2yDR+Qrh9qOi9TRcHaQ0V/lqgA0=",
      "requires": {
        "@polymer/iron-behaviors": "^0.0.3",
        "@polymer/iron-flex-layout": "^0.0.3",
        "@polymer/paper-styles": "^0.0.3",
        "@polymer/polymer": "^1.2.5-npm-test.2"
      }
    },
    "@polymer/paper-listbox": {
      "version": "0.0.3",
      "resolved": "https://registry.npmjs.org/@polymer/paper-listbox/-/paper-listbox-0.0.3.tgz",
      "integrity": "sha1-FFpo9BqP/rylpqjUdkDhE+D/pZE=",
      "requires": {
        "@polymer/iron-behaviors": "^0.0.3",
        "@polymer/iron-collapse": "^0.0.3",
        "@polymer/iron-menu-behavior": "^0.0.3",
        "@polymer/paper-styles": "^0.0.3",
        "@polymer/polymer": "^1.2.5-npm-test.2"
      }
    },
    "@polymer/paper-material": {
      "version": "0.0.3",
      "resolved": "https://registry.npmjs.org/@polymer/paper-material/-/paper-material-0.0.3.tgz",
      "integrity": "sha1-8V026b2nBcKWnHBWRzCmRsAsJsI=",
      "requires": {
        "@polymer/paper-styles": "^0.0.3",
        "@polymer/polymer": "^1.2.5-npm-test.2"
      }
    },
    "@polymer/paper-menu-button": {
      "version": "0.0.3",
      "resolved": "https://registry.npmjs.org/@polymer/paper-menu-button/-/paper-menu-button-0.0.3.tgz",
      "integrity": "sha1-9B1sh7ermD0YX0TEyXM+RCJi+80=",
      "requires": {
        "@polymer/iron-a11y-keys-behavior": "^0.0.3",
        "@polymer/iron-behaviors": "^0.0.3",
        "@polymer/iron-dropdown": "^0.0.3",
        "@polymer/neon-animation": "^0.0.3",
        "@polymer/paper-material": "^0.0.3",
        "@polymer/paper-styles": "^0.0.3",
        "@polymer/polymer": "^1.2.5-npm-test.2"
      }
    },
    "@polymer/paper-ripple": {
      "version": "0.0.3",
      "resolved": "https://registry.npmjs.org/@polymer/paper-ripple/-/paper-ripple-0.0.3.tgz",
      "integrity": "sha1-K3IpR6hSglIzlnYGzV/PWQ632Ck=",
      "requires": {
        "@polymer/iron-a11y-keys-behavior": "^0.0.3",
        "@polymer/polymer": "^1.2.5-npm-test.2"
      }
    },
    "@polymer/paper-styles": {
      "version": "0.0.3",
      "resolved": "https://registry.npmjs.org/@polymer/paper-styles/-/paper-styles-0.0.3.tgz",
      "integrity": "sha1-uEZqBHgH1vxjwk+nG0hsl1zHU3k=",
      "requires": {
        "@polymer/font-roboto": "^0.0.3",
        "@polymer/iron-flex-layout": "^0.0.3",
        "@polymer/polymer": "^1.2.5-npm-test.2"
      }
    },
    "@polymer/paper-toast": {
      "version": "0.0.3",
      "resolved": "https://registry.npmjs.org/@polymer/paper-toast/-/paper-toast-0.0.3.tgz",
      "integrity": "sha1-iNvLbyjNPc6dTshq58MaXkZmLvg=",
      "requires": {
        "@polymer/iron-a11y-announcer": "^0.0.3",
        "@polymer/iron-overlay-behavior": "^0.0.3",
        "@polymer/polymer": "^1.2.5-npm-test.2"
      }
    },
    "@polymer/paper-toolbar": {
      "version": "0.0.3",
      "resolved": "https://registry.npmjs.org/@polymer/paper-toolbar/-/paper-toolbar-0.0.3.tgz",
      "integrity": "sha1-1if7S0s/Vybz+dEyyhGBwuv2z9U=",
      "requires": {
        "@polymer/iron-flex-layout": "^0.0.3",
        "@polymer/paper-styles": "^0.0.3",
        "@polymer/polymer": "^1.2.5-npm-test.2"
      }
    },
    "@polymer/polymer": {
      "version": "1.2.5-npm-test.2",
      "resolved": "https://registry.npmjs.org/@polymer/polymer/-/polymer-1.2.5-npm-test.2.tgz",
      "integrity": "sha1-eTD1ZjwvaGkVRR0hHmY6qZl9czY=",
      "requires": {
        "webcomponents.js": "^0.7.20"
      }
    },
    "@types/clone": {
      "version": "0.1.30",
      "resolved": "https://registry.npmjs.org/@types/clone/-/clone-0.1.30.tgz",
      "integrity": "sha512-vcxBr+ybljeSiasmdke1cQ9ICxoEwaBgM1OQ/P5h4MPj/kRyLcDl5L8PrftlbyV1kBbJIs3M3x1A1+rcWd4mEA=="
    },
    "@types/node": {
      "version": "4.9.5",
      "resolved": "https://registry.npmjs.org/@types/node/-/node-4.9.5.tgz",
      "integrity": "sha512-+8fpgbXsbATKRF2ayAlYhPl2E9MPdLjrnK/79ZEpyPJ+k7dZwJm9YM8FK+l4rqL//xHk7PgQhGwz6aA2ckxbCQ=="
    },
    "@types/parse5": {
      "version": "0.0.31",
      "resolved": "https://registry.npmjs.org/@types/parse5/-/parse5-0.0.31.tgz",
      "integrity": "sha512-W9yKi+ZkSypS/6SXd0ebArnPxg5mwSAdmLqlJX+boeu845j3WVaYSJjqIg0i8Rh5btq7KytgIcta2KJB1aS4Mw==",
      "requires": {
        "@types/node": "6.0.*"
      },
      "dependencies": {
        "@types/node": {
          "version": "6.0.118",
          "resolved": "https://registry.npmjs.org/@types/node/-/node-6.0.118.tgz",
          "integrity": "sha512-N33cKXGSqhOYaPiT4xUGsYlPPDwFtQM/6QxJxuMXA/7BcySW+lkn2yigWP7vfs4daiL/7NJNU6DMCqg5N4B+xQ=="
        }
      }
    },
    "abbrev": {
      "version": "1.1.1",
      "resolved": "https://registry.npmjs.org/abbrev/-/abbrev-1.1.1.tgz",
      "integrity": "sha512-nne9/IiQ/hzIhY6pdDnbBtz7DjPTKrY00P/zvPSm5pOFkl6xuGrGnXn/VtTNNfNtAfZ9/1RtehkszU9qcTii0Q=="
    },
    "acorn": {
      "version": "3.3.0",
      "resolved": "https://registry.npmjs.org/acorn/-/acorn-3.3.0.tgz",
      "integrity": "sha512-OLUyIIZ7mF5oaAUT1w0TFqQS81q3saT46x8t7ukpPjMNk+nbs4ZHhs7ToV8EWnLYLepjETXd4XaCE4uxkMeqUw=="
    },
    "acorn-jsx": {
      "version": "3.0.1",
      "resolved": "https://registry.npmjs.org/acorn-jsx/-/acorn-jsx-3.0.1.tgz",
      "integrity": "sha512-AU7pnZkguthwBjKgCg6998ByQNIMjbuDQZ8bb78QAFZwPfmKia8AIzgY/gWgqCjnht8JLdXmB4YxA0KaV60ncQ==",
      "requires": {
        "acorn": "^3.0.4"
      }
    },
    "babel-polyfill": {
      "version": "6.26.0",
      "resolved": "https://registry.npmjs.org/babel-polyfill/-/babel-polyfill-6.26.0.tgz",
      "integrity": "sha512-F2rZGQnAdaHWQ8YAoeRbukc7HS9QgdgeyJ0rQDd485v9opwuPvjpPFcOOT/WmkKTdgy9ESgSPXDcTNpzrGr6iQ==",
      "requires": {
        "babel-runtime": "^6.26.0",
        "core-js": "^2.5.0",
        "regenerator-runtime": "^0.10.5"
      }
    },
    "babel-runtime": {
      "version": "6.26.0",
      "resolved": "https://registry.npmjs.org/babel-runtime/-/babel-runtime-6.26.0.tgz",
      "integrity": "sha512-ITKNuq2wKlW1fJg9sSW52eepoYgZBggvOAHC0u/CYu/qxQ9EVzThCgR69BnSXLHjy2f7SY5zaQ4yt7H9ZVxY2g==",
      "requires": {
        "core-js": "^2.4.0",
        "regenerator-runtime": "^0.11.0"
      },
      "dependencies": {
        "regenerator-runtime": {
          "version": "0.11.1",
          "resolved": "https://registry.npmjs.org/regenerator-runtime/-/regenerator-runtime-0.11.1.tgz",
          "integrity": "sha512-MguG95oij0fC3QV3URf4V2SDYGJhJnJGqvIIgdECeODCT98wSWDAJ94SSuVpYQUoTcGUIL6L4yNB7j1DFFHSBg=="
        }
      }
    },
    "clone": {
      "version": "1.0.4",
      "resolved": "https://registry.npmjs.org/clone/-/clone-1.0.4.tgz",
      "integrity": "sha512-JQHZ2QMW6l3aH/j6xCqQThY/9OH4D/9ls34cgkUBiEeocRTU04tHfKPBsUK1PqZCUQM7GiA0IIXJSuXHI64Kbg=="
    },
    "codemirror": {
      "version": "5.15.2",
      "resolved": "https://registry.npmjs.org/codemirror/-/codemirror-5.15.2.tgz",
      "integrity": "sha1-WLPccyxtENeq6Ab0x83VapuH/o8="
    },
    "core-js": {
      "version": "2.6.12",
      "resolved": "https://registry.npmjs.org/core-js/-/core-js-2.6.12.tgz",
      "integrity": "sha512-Kb2wC0fvsWfQrgk8HU5lW6U/Lcs8+9aaYcy4ZFc6DDlo4nZ7n70dEgE5rtR0oG6ufKDUnrwfWL1mXR5ljDatrQ=="
    },
    "deep-is": {
      "version": "0.1.4",
      "resolved": "https://registry.npmjs.org/deep-is/-/deep-is-0.1.4.tgz",
      "integrity": "sha512-oIPzksmTg4/MriiaYGO+okXDT7ztn/w3Eptv/+gSIdMdKsJo0u4CfYNFJPy+4SKMuCqGw2wxnA+URMg3t8a/bQ=="
    },
    "doctrine": {
      "version": "0.7.2",
      "resolved": "https://registry.npmjs.org/doctrine/-/doctrine-0.7.2.tgz",
      "integrity": "sha512-qiB/Rir6Un6Ad/TIgTRzsremsTGWzs8j7woXvp14jgq00676uBiBT5eUOi+FgRywZFVy5Us/c04ISRpZhRbS6w==",
      "requires": {
        "esutils": "^1.1.6",
        "isarray": "0.0.1"
      }
    },
    "dom5": {
      "version": "1.3.6",
      "resolved": "https://registry.npmjs.org/dom5/-/dom5-1.3.6.tgz",
      "integrity": "sha512-mcW8C3hP6NR7PD2mpa6cLihu0ToVrsloG69a/4vZ8lbKrAApEVJi99O2vqd5G1gfnvmLHbGSo/LdHbWBwdF4Rw==",
      "requires": {
        "@types/clone": "^0.1.29",
        "@types/node": "^4.0.30",
        "@types/parse5": "^0.0.31",
        "clone": "^1.0.2",
        "parse5": "^1.4.1"
      }
    },
    "es6-promise": {
      "version": "2.3.0",
      "resolved": "https://registry.npmjs.org/es6-promise/-/es6-promise-2.3.0.tgz",
      "integrity": "sha512-oyOjMhyKMLEjOOtvkwg0G4pAzLQ9WdbbeX7WdqKzvYXu+UFgD0Zo/Brq5Q49zNmnGPPzV5rmYvrr0jz1zWx8Iw=="
    },
    "escodegen": {
      "version": "1.14.3",
      "resolved": "https://registry.npmjs.org/escodegen/-/escodegen-1.14.3.tgz",
      "integrity": "sha512-qFcX0XJkdg+PB3xjZZG/wKSuT1PnQWx57+TVSjIMmILd2yC/6ByYElPwJnslDsuWuSAp4AwJGumarAAmJch5Kw==",
      "requires": {
        "esprima": "^4.0.1",
        "estraverse": "^4.2.0",
        "esutils": "^2.0.2",
        "optionator": "^0.8.1",
        "source-map": "~0.6.1"
      },
      "dependencies": {
        "estraverse": {
          "version": "4.3.0",
          "resolved": "https://registry.npmjs.org/estraverse/-/estraverse-4.3.0.tgz",
          "integrity": "sha512-39nnKffWz8xN1BU/2c79n9nB9HDzo0niYUqx6xyqUnyoAnQyyWpOTdZEeiCch8BBu515t4wp9ZmgVfVhn9EBpw=="
        },
        "esutils": {
          "version": "2.0.3",
          "resolved": "https://registry.npmjs.org/esutils/-/esutils-2.0.3.tgz",
          "integrity": "sha512-kVscqXk4OCp68SZ0dkgEKVi6/8ij300KBWTJq32P/dYeWTSwK41WyTxalN1eRmA5Z9UU/LX9D7FWSmV9SAYx6g=="
        }
      }
    },
    "espree": {
      "version": "3.5.4",
      "resolved": "https://registry.npmjs.org/espree/-/espree-3.5.4.tgz",
      "integrity": "sha512-yAcIQxtmMiB/jL32dzEp2enBeidsB7xWPLNiw3IIkpVds1P+h7qF9YwJq1yUNzp2OKXgAprs4F61ih66UsoD1A==",
      "requires": {
        "acorn": "^5.5.0",
        "acorn-jsx": "^3.0.0"
      },
      "dependencies": {
        "acorn": {
          "version": "5.7.4",
          "resolved": "https://registry.npmjs.org/acorn/-/acorn-5.7.4.tgz",
          "integrity": "sha512-1D++VG7BhrtvQpNbBzovKNc1FLGGEE/oGe7b9xJm/RFHMBeUaUGpluV9RLjZa47YFdPcDAenEYuq9pQPcMdLJg=="
        }
      }
    },
    "esprima": {
      "version": "4.0.1",
      "resolved": "https://registry.npmjs.org/esprima/-/esprima-4.0.1.tgz",
      "integrity": "sha512-eGuFFw7Upda+g4p+QHvnW0RyTX/SVeJBDM/gCtMARO0cLuT2HcEKnTPvhjV6aGeqrCB/sbNop0Kszm0jsaWU4A=="
    },
    "estraverse": {
      "version": "3.1.0",
      "resolved": "https://registry.npmjs.org/estraverse/-/estraverse-3.1.0.tgz",
      "integrity": "sha512-JjhbPaYzDMWsgbYz3d/RvB/4LfCzvDjJ6R0UuKLDAzWeXoeoc7BPqu/LThnJ3fjeZjaJxZbDUI7ld8HUj0oRjw=="
    },
    "esutils": {
      "version": "1.1.6",
      "resolved": "https://registry.npmjs.org/esutils/-/esutils-1.1.6.tgz",
      "integrity": "sha512-RG1ZkUT7iFJG9LSHr7KDuuMSlujfeTtMNIcInURxKAxhMtwQhI3NrQhz26gZQYlsYZQKzsnwtpKrFKj9K9Qu1A=="
    },
    "fast-levenshtein": {
      "version": "2.0.6",
      "resolved": "https://registry.npmjs.org/fast-levenshtein/-/fast-levenshtein-2.0.6.tgz",
      "integrity": "sha512-DCXu6Ifhqcks7TZKY3Hxp3y6qphY5SJZmrWMDrKcERSOXWQdMhU9Ig/PYrzyw/ul9jOIyh0N4M0tbC5hodg8dw=="
    },
    "hydrolysis": {
      "version": "1.25.0",
      "resolved": "https://registry.npmjs.org/hydrolysis/-/hydrolysis-1.25.0.tgz",
      "integrity": "sha512-nME84srT9xhXJ24qp5NQFepdlatt9kJfqzQoH7YdYQXAEi+sXCgB0JFkPisq3twic5mOCvJ1tuLDVh13ljocvQ==",
      "requires": {
        "acorn": "^3.2.0",
        "babel-polyfill": "^6.2.0",
        "doctrine": "^0.7.0",
        "dom5": "1.1.0",
        "escodegen": "^1.7.0",
        "espree": "^3.1.3",
        "estraverse": "^3.1.0",
        "path-is-absolute": "^1.0.0"
      },
      "dependencies": {
        "dom5": {
          "version": "1.1.0",
          "resolved": "https://registry.npmjs.org/dom5/-/dom5-1.1.0.tgz",
          "integrity": "sha512-K7aJ9AxKRFTSKa3cC3D7RBkSdqRT12nuwtYwLjaYyawSk0FVK45XJ796Ur85dluAEQ5j8/wqoMu65UQ4klQhWA==",
          "requires": {
            "parse5": "^1.4.1"
          }
        }
      }
    },
    "isarray": {
      "version": "0.0.1",
      "resolved": "https://registry.npmjs.org/isarray/-/isarray-0.0.1.tgz",
      "integrity": "sha512-D2S+3GLxWH+uhrNEcoh/fnmYeP8E8/zHl644d/jdA0g2uyXvy3sb0qxotE+ne0LtccHknQzWwZEzhak7oJ0COQ=="
    },
    "levn": {
      "version": "0.3.0",
      "resolved": "https://registry.npmjs.org/levn/-/levn-0.3.0.tgz",
      "integrity": "sha512-0OO4y2iOHix2W6ujICbKIaEQXvFQHue65vUG3pb5EUomzPI90z9hsA1VsO/dbIIpC53J8gxM9Q4Oho0jrCM/yA==",
      "requires": {
        "prelude-ls": "~1.1.2",
        "type-check": "~0.3.2"
      }
    },
    "nopt": {
      "version": "3.0.6",
      "resolved": "https://registry.npmjs.org/nopt/-/nopt-3.0.6.tgz",
      "integrity": "sha512-4GUt3kSEYmk4ITxzB/b9vaIDfUVWN/Ml1Fwl11IlnIG2iaJ9O6WXZ9SrYM9NLI8OCBieN2Y8SWC2oJV0RQ7qYg==",
      "requires": {
        "abbrev": "1"
      }
    },
    "optionator": {
      "version": "0.8.3",
      "resolved": "https://registry.npmjs.org/optionator/-/optionator-0.8.3.tgz",
      "integrity": "sha512-+IW9pACdk3XWmmTXG8m3upGUJst5XRGzxMRjXzAuJ1XnIFNvfhjjIuYkDvysnPQ7qzqVzLt78BCruntqRhWQbA==",
      "requires": {
        "deep-is": "~0.1.3",
        "fast-levenshtein": "~2.0.6",
        "levn": "~0.3.0",
        "prelude-ls": "~1.1.2",
        "type-check": "~0.3.2",
        "word-wrap": "~1.2.3"
      }
    },
    "parse5": {
      "version": "1.5.1",
      "resolved": "https://registry.npmjs.org/parse5/-/parse5-1.5.1.tgz",
      "integrity": "sha512-w2jx/0tJzvgKwZa58sj2vAYq/S/K1QJfIB3cWYea/Iu1scFPDQQ3IQiVZTHWtRBwAjv2Yd7S/xeZf3XqLDb3bA=="
    },
    "path-is-absolute": {
      "version": "1.0.1",
      "resolved": "https://registry.npmjs.org/path-is-absolute/-/path-is-absolute-1.0.1.tgz",
      "integrity": "sha512-AVbw3UJ2e9bq64vSaS9Am0fje1Pa8pbGqTTsmXfaIiMpnr5DlDhfJOuLj9Sf95ZPVDAUerDfEk88MPmPe7UCQg=="
    },
    "path-posix": {
      "version": "1.0.0",
      "resolved": "https://registry.npmjs.org/path-posix/-/path-posix-1.0.0.tgz",
      "integrity": "sha512-1gJ0WpNIiYcQydgg3Ed8KzvIqTsDpNwq+cjBCssvBtuTWjEqY1AW+i+OepiEMqDCzyro9B2sLAe4RBPajMYFiA=="
    },
    "prelude-ls": {
      "version": "1.1.2",
      "resolved": "https://registry.npmjs.org/prelude-ls/-/prelude-ls-1.1.2.tgz",
      "integrity": "sha512-ESF23V4SKG6lVSGZgYNpbsiaAkdab6ZgOxe52p7+Kid3W3u3bxR4Vfd/o21dmN7jSt0IwgZ4v5MUd26FEtXE9w=="
    },
    "regenerator-runtime": {
      "version": "0.10.5",
      "resolved": "https://registry.npmjs.org/regenerator-runtime/-/regenerator-runtime-0.10.5.tgz",
      "integrity": "sha512-02YopEIhAgiBHWeoTiA8aitHDt8z6w+rQqNuIftlM+ZtvSl/brTouaU7DW6GO/cHtvxJvS4Hwv2ibKdxIRi24w=="
    },
    "source-map": {
      "version": "0.6.1",
      "resolved": "https://registry.npmjs.org/source-map/-/source-map-0.6.1.tgz",
      "integrity": "sha512-UjgapumWlbMhkBgzT7Ykc5YXUT46F0iKu8SGXq0bcwP5dz/h0Plj6enJqjz1Zbq2l5WaqYnrVbwWOWMyF3F47g==",
      "optional": true
    },
    "type-check": {
      "version": "0.3.2",
      "resolved": "https://registry.npmjs.org/type-check/-/type-check-0.3.2.tgz",
      "integrity": "sha512-ZCmOJdvOWDBYJlzAoFkC+Q0+bUyEOS1ltgp1MGU03fqHG+dbi9tBFU2Rd9QKiDZFAYrhPh2JUf7rZRIuHRKtOg==",
      "requires": {
        "prelude-ls": "~1.1.2"
      }
    },
    "vulcanize": {
      "version": "1.16.0",
      "resolved": "https://registry.npmjs.org/vulcanize/-/vulcanize-1.16.0.tgz",
      "integrity": "sha512-TYlFljSc896b5+0FmMiw0JAMrHNBiHx0IAFC/dQR3Dxdb9Nx43ohm6wMWTlPXQn4sk/0WkqfgoAA6SLxyvPCLQ==",
      "requires": {
        "dom5": "^1.3.1",
        "es6-promise": "^2.1.0",
        "hydrolysis": "^1.19.1",
        "nopt": "^3.0.1",
        "path-posix": "^1.0.0"
      }
    },
    "web-animations-js": {
      "version": "2.2.2",
      "resolved": "https://registry.npmjs.org/web-animations-js/-/web-animations-js-2.2.2.tgz",
      "integrity": "sha1-fDqlOCxerecM0gaIDVajeGljBjg="
    },
    "webcomponents.js": {
      "version": "0.7.22",
      "resolved": "https://registry.npmjs.org/webcomponents.js/-/webcomponents.js-0.7.22.tgz",
      "integrity": "sha1-EHt7P9MBYRAOjoXkAMMr7Rvyn+o="
    },
    "word-wrap": {
      "version": "1.2.3",
      "resolved": "https://registry.npmjs.org/word-wrap/-/word-wrap-1.2.3.tgz",
      "integrity": "sha512-Hz/mrNwitNRh/HUAtM/VT/5VH+ygD6DV7mYKZAtHOrbs8U7lvPS6xf7EJKMF0uW1KJCl0H701g3ZGus+muE5vQ=="
    }
  }
}
